// !$*UTF8*$!
{
	archiveVersion = 1;
	classes = {
	};
	objectVersion = 46;
	objects = {

/* Begin PBXBuildFile section */
		84325A2818237BB0009BECA8 /* Foundation.framework in Frameworks */ = {isa = PBXBuildFile; fileRef = 84325A2718237BB0009BECA8 /* Foundation.framework */; };
		84325A2A18237BB0009BECA8 /* CoreGraphics.framework in Frameworks */ = {isa = PBXBuildFile; fileRef = 84325A2918237BB0009BECA8 /* CoreGraphics.framework */; };
		84325A2C18237BB0009BECA8 /* UIKit.framework in Frameworks */ = {isa = PBXBuildFile; fileRef = 84325A2B18237BB0009BECA8 /* UIKit.framework */; };
		84325A2E18237BB0009BECA8 /* SpriteKit.framework in Frameworks */ = {isa = PBXBuildFile; fileRef = 84325A2D18237BB0009BECA8 /* SpriteKit.framework */; };
		84325A3418237BB0009BECA8 /* InfoPlist.strings in Resources */ = {isa = PBXBuildFile; fileRef = 84325A3218237BB0009BECA8 /* InfoPlist.strings */; };
		84325A3618237BB0009BECA8 /* main.m in Sources */ = {isa = PBXBuildFile; fileRef = 84325A3518237BB0009BECA8 /* main.m */; };
		84325A3A18237BB0009BECA8 /* AppDelegate.m in Sources */ = {isa = PBXBuildFile; fileRef = 84325A3918237BB0009BECA8 /* AppDelegate.m */; };
		84325A3D18237BB0009BECA8 /* Main.storyboard in Resources */ = {isa = PBXBuildFile; fileRef = 84325A3B18237BB0009BECA8 /* Main.storyboard */; };
		84325A4018237BB0009BECA8 /* ViewController.m in Sources */ = {isa = PBXBuildFile; fileRef = 84325A3F18237BB0009BECA8 /* ViewController.m */; };
		84325A4318237BB0009BECA8 /* MyScene.m in Sources */ = {isa = PBXBuildFile; fileRef = 84325A4218237BB0009BECA8 /* MyScene.m */; };
		84325A4718237BB0009BECA8 /* Images.xcassets in Resources */ = {isa = PBXBuildFile; fileRef = 84325A4618237BB0009BECA8 /* Images.xcassets */; };
		84325A4E18237BB0009BECA8 /* XCTest.framework in Frameworks */ = {isa = PBXBuildFile; fileRef = 84325A4D18237BB0009BECA8 /* XCTest.framework */; };
		84325A4F18237BB0009BECA8 /* Foundation.framework in Frameworks */ = {isa = PBXBuildFile; fileRef = 84325A2718237BB0009BECA8 /* Foundation.framework */; };
		84325A5018237BB0009BECA8 /* UIKit.framework in Frameworks */ = {isa = PBXBuildFile; fileRef = 84325A2B18237BB0009BECA8 /* UIKit.framework */; };
		84325A5818237BB0009BECA8 /* InfoPlist.strings in Resources */ = {isa = PBXBuildFile; fileRef = 84325A5618237BB0009BECA8 /* InfoPlist.strings */; };
		84325A5A18237BB0009BECA8 /* MiniPoolTests.m in Sources */ = {isa = PBXBuildFile; fileRef = 84325A5918237BB0009BECA8 /* MiniPoolTests.m */; };
		84325A6418238345009BECA8 /* images.atlas in Resources */ = {isa = PBXBuildFile; fileRef = 84325A6318238345009BECA8 /* images.atlas */; };
/* End PBXBuildFile section */

/* Begin PBXContainerItemProxy section */
		84325A5118237BB0009BECA8 /* PBXContainerItemProxy */ = {
			isa = PBXContainerItemProxy;
			containerPortal = 84325A1C18237BB0009BECA8 /* Project object */;
			proxyType = 1;
			remoteGlobalIDString = 84325A2318237BB0009BECA8;
			remoteInfo = MiniPool;
		};
/* End PBXContainerItemProxy section */

/* Begin PBXFileReference section */
		84325A2418237BB0009BECA8 /* MiniPool.app */ = {isa = PBXFileReference; explicitFileType = wrapper.application; includeInIndex = 0; path = MiniPool.app; sourceTree = BUILT_PRODUCTS_DIR; };
		84325A2718237BB0009BECA8 /* Foundation.framework */ = {isa = PBXFileReference; lastKnownFileType = wrapper.framework; name = Foundation.framework; path = System/Library/Frameworks/Foundation.framework; sourceTree = SDKROOT; };
		84325A2918237BB0009BECA8 /* CoreGraphics.framework */ = {isa = PBXFileReference; lastKnownFileType = wrapper.framework; name = CoreGraphics.framework; path = System/Library/Frameworks/CoreGraphics.framework; sourceTree = SDKROOT; };
		84325A2B18237BB0009BECA8 /* UIKit.framework */ = {isa = PBXFileReference; lastKnownFileType = wrapper.framework; name = UIKit.framework; path = System/Library/Frameworks/UIKit.framework; sourceTree = SDKROOT; };
		84325A2D18237BB0009BECA8 /* SpriteKit.framework */ = {isa = PBXFileReference; lastKnownFileType = wrapper.framework; name = SpriteKit.framework; path = System/Library/Frameworks/SpriteKit.framework; sourceTree = SDKROOT; };
		84325A3118237BB0009BECA8 /* MiniPool-Info.plist */ = {isa = PBXFileReference; lastKnownFileType = text.plist.xml; path = "MiniPool-Info.plist"; sourceTree = "<group>"; };
		84325A3318237BB0009BECA8 /* en */ = {isa = PBXFileReference; lastKnownFileType = text.plist.strings; name = en; path = en.lproj/InfoPlist.strings; sourceTree = "<group>"; };
		84325A3518237BB0009BECA8 /* main.m */ = {isa = PBXFileReference; lastKnownFileType = sourcecode.c.objc; path = main.m; sourceTree = "<group>"; };
		84325A3718237BB0009BECA8 /* MiniPool-Prefix.pch */ = {isa = PBXFileReference; lastKnownFileType = sourcecode.c.h; path = "MiniPool-Prefix.pch"; sourceTree = "<group>"; };
		84325A3818237BB0009BECA8 /* AppDelegate.h */ = {isa = PBXFileReference; lastKnownFileType = sourcecode.c.h; path = AppDelegate.h; sourceTree = "<group>"; };
		84325A3918237BB0009BECA8 /* AppDelegate.m */ = {isa = PBXFileReference; lastKnownFileType = sourcecode.c.objc; path = AppDelegate.m; sourceTree = "<group>"; };
		84325A3C18237BB0009BECA8 /* Base */ = {isa = PBXFileReference; lastKnownFileType = file.storyboard; name = Base; path = Base.lproj/Main.storyboard; sourceTree = "<group>"; };
		84325A3E18237BB0009BECA8 /* ViewController.h */ = {isa = PBXFileReference; lastKnownFileType = sourcecode.c.h; path = ViewController.h; sourceTree = "<group>"; };
		84325A3F18237BB0009BECA8 /* ViewController.m */ = {isa = PBXFileReference; lastKnownFileType = sourcecode.c.objc; path = ViewController.m; sourceTree = "<group>"; };
		84325A4118237BB0009BECA8 /* MyScene.h */ = {isa = PBXFileReference; lastKnownFileType = sourcecode.c.h; path = MyScene.h; sourceTree = "<group>"; };
		84325A4218237BB0009BECA8 /* MyScene.m */ = {isa = PBXFileReference; lastKnownFileType = sourcecode.c.objc; path = MyScene.m; sourceTree = "<group>"; };
		84325A4618237BB0009BECA8 /* Images.xcassets */ = {isa = PBXFileReference; lastKnownFileType = folder.assetcatalog; path = Images.xcassets; sourceTree = "<group>"; };
		84325A4C18237BB0009BECA8 /* MiniPoolTests.xctest */ = {isa = PBXFileReference; explicitFileType = wrapper.cfbundle; includeInIndex = 0; path = MiniPoolTests.xctest; sourceTree = BUILT_PRODUCTS_DIR; };
		84325A4D18237BB0009BECA8 /* XCTest.framework */ = {isa = PBXFileReference; lastKnownFileType = wrapper.framework; name = XCTest.framework; path = Library/Frameworks/XCTest.framework; sourceTree = DEVELOPER_DIR; };
		84325A5518237BB0009BECA8 /* MiniPoolTests-Info.plist */ = {isa = PBXFileReference; lastKnownFileType = text.plist.xml; path = "MiniPoolTests-Info.plist"; sourceTree = "<group>"; };
		84325A5718237BB0009BECA8 /* en */ = {isa = PBXFileReference; lastKnownFileType = text.plist.strings; name = en; path = en.lproj/InfoPlist.strings; sourceTree = "<group>"; };
		84325A5918237BB0009BECA8 /* MiniPoolTests.m */ = {isa = PBXFileReference; lastKnownFileType = sourcecode.c.objc; path = MiniPoolTests.m; sourceTree = "<group>"; };
		84325A6318238345009BECA8 /* images.atlas */ = {isa = PBXFileReference; lastKnownFileType = folder.skatlas; path = images.atlas; sourceTree = "<group>"; };
/* End PBXFileReference section */

/* Begin PBXFrameworksBuildPhase section */
		84325A2118237BB0009BECA8 /* Frameworks */ = {
			isa = PBXFrameworksBuildPhase;
			buildActionMask = 2147483647;
			files = (
				84325A2A18237BB0009BECA8 /* CoreGraphics.framework in Frameworks */,
				84325A2C18237BB0009BECA8 /* UIKit.framework in Frameworks */,
				84325A2E18237BB0009BECA8 /* SpriteKit.framework in Frameworks */,
				84325A2818237BB0009BECA8 /* Foundation.framework in Frameworks */,
			);
			runOnlyForDeploymentPostprocessing = 0;
		};
		84325A4918237BB0009BECA8 /* Frameworks */ = {
			isa = PBXFrameworksBuildPhase;
			buildActionMask = 2147483647;
			files = (
				84325A4E18237BB0009BECA8 /* XCTest.framework in Frameworks */,
				84325A5018237BB0009BECA8 /* UIKit.framework in Frameworks */,
				84325A4F18237BB0009BECA8 /* Foundation.framework in Frameworks */,
			);
			runOnlyForDeploymentPostprocessing = 0;
		};
/* End PBXFrameworksBuildPhase section */

/* Begin PBXGroup section */
		84325A1B18237BB0009BECA8 = {
			isa = PBXGroup;
			children = (
				84325A2F18237BB0009BECA8 /* MiniPool */,
				84325A5318237BB0009BECA8 /* MiniPoolTests */,
				84325A2618237BB0009BECA8 /* Frameworks */,
				84325A2518237BB0009BECA8 /* Products */,
			);
			sourceTree = "<group>";
		};
		84325A2518237BB0009BECA8 /* Products */ = {
			isa = PBXGroup;
			children = (
				84325A2418237BB0009BECA8 /* MiniPool.app */,
				84325A4C18237BB0009BECA8 /* MiniPoolTests.xctest */,
			);
			name = Products;
			sourceTree = "<group>";
		};
		84325A2618237BB0009BECA8 /* Frameworks */ = {
			isa = PBXGroup;
			children = (
				84325A2718237BB0009BECA8 /* Foundation.framework */,
				84325A2918237BB0009BECA8 /* CoreGraphics.framework */,
				84325A2B18237BB0009BECA8 /* UIKit.framework */,
				84325A2D18237BB0009BECA8 /* SpriteKit.framework */,
				84325A4D18237BB0009BECA8 /* XCTest.framework */,
			);
			name = Frameworks;
			sourceTree = "<group>";
		};
		84325A2F18237BB0009BECA8 /* MiniPool */ = {
			isa = PBXGroup;
			children = (
				84325A6318238345009BECA8 /* images.atlas */,
				84325A3818237BB0009BECA8 /* AppDelegate.h */,
				84325A3918237BB0009BECA8 /* AppDelegate.m */,
				84325A3B18237BB0009BECA8 /* Main.storyboard */,
				84325A3E18237BB0009BECA8 /* ViewController.h */,
				84325A3F18237BB0009BECA8 /* ViewController.m */,
				84325A4118237BB0009BECA8 /* MyScene.h */,
				84325A4218237BB0009BECA8 /* MyScene.m */,
				84325A4618237BB0009BECA8 /* Images.xcassets */,
				84325A3018237BB0009BECA8 /* Supporting Files */,
			);
			path = MiniPool;
			sourceTree = "<group>";
		};
		84325A3018237BB0009BECA8 /* Supporting Files */ = {
			isa = PBXGroup;
			children = (
				84325A3118237BB0009BECA8 /* MiniPool-Info.plist */,
				84325A3218237BB0009BECA8 /* InfoPlist.strings */,
				84325A3518237BB0009BECA8 /* main.m */,
				84325A3718237BB0009BECA8 /* MiniPool-Prefix.pch */,
			);
			name = "Supporting Files";
			sourceTree = "<group>";
		};
		84325A5318237BB0009BECA8 /* MiniPoolTests */ = {
			isa = PBXGroup;
			children = (
				84325A5918237BB0009BECA8 /* MiniPoolTests.m */,
				84325A5418237BB0009BECA8 /* Supporting Files */,
			);
			path = MiniPoolTests;
			sourceTree = "<group>";
		};
		84325A5418237BB0009BECA8 /* Supporting Files */ = {
			isa = PBXGroup;
			children = (
				84325A5518237BB0009BECA8 /* MiniPoolTests-Info.plist */,
				84325A5618237BB0009BECA8 /* InfoPlist.strings */,
			);
			name = "Supporting Files";
			sourceTree = "<group>";
		};
/* End PBXGroup section */

/* Begin PBXNativeTarget section */
		84325A2318237BB0009BECA8 /* MiniPool */ = {
			isa = PBXNativeTarget;
			buildConfigurationList = 84325A5D18237BB0009BECA8 /* Build configuration list for PBXNativeTarget "MiniPool" */;
			buildPhases = (
				84325A2018237BB0009BECA8 /* Sources */,
				84325A2118237BB0009BECA8 /* Frameworks */,
				84325A2218237BB0009BECA8 /* Resources */,
			);
			buildRules = (
			);
			dependencies = (
			);
			name = MiniPool;
			productName = MiniPool;
			productReference = 84325A2418237BB0009BECA8 /* MiniPool.app */;
			productType = "com.apple.product-type.application";
		};
		84325A4B18237BB0009BECA8 /* MiniPoolTests */ = {
			isa = PBXNativeTarget;
			buildConfigurationList = 84325A6018237BB0009BECA8 /* Build configuration list for PBXNativeTarget "MiniPoolTests" */;
			buildPhases = (
				84325A4818237BB0009BECA8 /* Sources */,
				84325A4918237BB0009BECA8 /* Frameworks */,
				84325A4A18237BB0009BECA8 /* Resources */,
			);
			buildRules = (
			);
			dependencies = (
				84325A5218237BB0009BECA8 /* PBXTargetDependency */,
			);
			name = MiniPoolTests;
			productName = MiniPoolTests;
			productReference = 84325A4C18237BB0009BECA8 /* MiniPoolTests.xctest */;
			productType = "com.apple.product-type.bundle.unit-test";
		};
/* End PBXNativeTarget section */

/* Begin PBXProject section */
		84325A1C18237BB0009BECA8 /* Project object */ = {
			isa = PBXProject;
			attributes = {
				LastUpgradeCheck = 0500;
				ORGANIZATIONNAME = Kimsungwhee;
				TargetAttributes = {
					84325A4B18237BB0009BECA8 = {
						TestTargetID = 84325A2318237BB0009BECA8;
					};
				};
			};
			buildConfigurationList = 84325A1F18237BB0009BECA8 /* Build configuration list for PBXProject "MiniPool" */;
			compatibilityVersion = "Xcode 3.2";
			developmentRegion = English;
			hasScannedForEncodings = 0;
			knownRegions = (
				en,
				Base,
			);
			mainGroup = 84325A1B18237BB0009BECA8;
			productRefGroup = 84325A2518237BB0009BECA8 /* Products */;
			projectDirPath = "";
			projectRoot = "";
			targets = (
				84325A2318237BB0009BECA8 /* MiniPool */,
				84325A4B18237BB0009BECA8 /* MiniPoolTests */,
			);
		};
/* End PBXProject section */

/* Begin PBXResourcesBuildPhase section */
		84325A2218237BB0009BECA8 /* Resources */ = {
			isa = PBXResourcesBuildPhase;
			buildActionMask = 2147483647;
			files = (
				84325A3418237BB0009BECA8 /* InfoPlist.strings in Resources */,
				84325A6418238345009BECA8 /* images.atlas in Resources */,
				84325A4718237BB0009BECA8 /* Images.xcassets in Resources */,
				84325A3D18237BB0009BECA8 /* Main.storyboard in Resources */,
			);
			runOnlyForDeploymentPostprocessing = 0;
		};
		84325A4A18237BB0009BECA8 /* Resources */ = {
			isa = PBXResourcesBuildPhase;
			buildActionMask = 2147483647;
			files = (
				84325A5818237BB0009BECA8 /* InfoPlist.strings in Resources */,
			);
			runOnlyForDeploymentPostprocessing = 0;
		};
/* End PBXResourcesBuildPhase section */

/* Begin PBXSourcesBuildPhase section */
		84325A2018237BB0009BECA8 /* Sources */ = {
			isa = PBXSourcesBuildPhase;
			buildActionMask = 2147483647;
			files = (
				84325A4318237BB0009BECA8 /* MyScene.m in Sources */,
				84325A4018237BB0009BECA8 /* ViewController.m in Sources */,
				84325A3A18237BB0009BECA8 /* AppDelegate.m in Sources */,
				84325A3618237BB0009BECA8 /* main.m in Sources */,
			);
			runOnlyForDeploymentPostprocessing = 0;
		};
		84325A4818237BB0009BECA8 /* Sources */ = {
			isa = PBXSourcesBuildPhase;
			buildActionMask = 2147483647;
			files = (
				84325A5A18237BB0009BECA8 /* MiniPoolTests.m in Sources */,
			);
			runOnlyForDeploymentPostprocessing = 0;
		};
/* End PBXSourcesBuildPhase section */

/* Begin PBXTargetDependency section */
		84325A5218237BB0009BECA8 /* PBXTargetDependency */ = {
			isa = PBXTargetDependency;
			target = 84325A2318237BB0009BECA8 /* MiniPool */;
			targetProxy = 84325A5118237BB0009BECA8 /* PBXContainerItemProxy */;
		};
/* End PBXTargetDependency section */

/* Begin PBXVariantGroup section */
		84325A3218237BB0009BECA8 /* InfoPlist.strings */ = {
			isa = PBXVariantGroup;
			children = (
				84325A3318237BB0009BECA8 /* en */,
			);
			name = InfoPlist.strings;
			sourceTree = "<group>";
		};
		84325A3B18237BB0009BECA8 /* Main.storyboard */ = {
			isa = PBXVariantGroup;
			children = (
				84325A3C18237BB0009BECA8 /* Base */,
			);
			name = Main.storyboard;
			sourceTree = "<group>";
		};
		84325A5618237BB0009BECA8 /* InfoPlist.strings */ = {
			isa = PBXVariantGroup;
			children = (
				84325A5718237BB0009BECA8 /* en */,
			);
			name = InfoPlist.strings;
			sourceTree = "<group>";
		};
/* End PBXVariantGroup section */

/* Begin XCBuildConfiguration section */
		84325A5B18237BB0009BECA8 /* Debug */ = {
			isa = XCBuildConfiguration;
			buildSettings = {
				ALWAYS_SEARCH_USER_PATHS = NO;
				ARCHS = "$(ARCHS_STANDARD_INCLUDING_64_BIT)";
				CLANG_CXX_LANGUAGE_STANDARD = "gnu++0x";
				CLANG_CXX_LIBRARY = "libc++";
				CLANG_ENABLE_MODULES = YES;
				CLANG_ENABLE_OBJC_ARC = YES;
				CLANG_WARN_BOOL_CONVERSION = YES;
				CLANG_WARN_CONSTANT_CONVERSION = YES;
				CLANG_WARN_DIRECT_OBJC_ISA_USAGE = YES_ERROR;
				CLANG_WARN_EMPTY_BODY = YES;
				CLANG_WARN_ENUM_CONVERSION = YES;
				CLANG_WARN_INT_CONVERSION = YES;
				CLANG_WARN_OBJC_ROOT_CLASS = YES_ERROR;
				CLANG_WARN__DUPLICATE_METHOD_MATCH = YES;
				"CODE_SIGN_IDENTITY[sdk=iphoneos*]" = "iPhone Developer";
				COPY_PHASE_STRIP = NO;
				GCC_C_LANGUAGE_STANDARD = gnu99;
				GCC_DYNAMIC_NO_PIC = NO;
				GCC_OPTIMIZATION_LEVEL = 0;
				GCC_PREPROCESSOR_DEFINITIONS = (
					"DEBUG=1",
					"$(inherited)",
				);
				GCC_SYMBOLS_PRIVATE_EXTERN = NO;
				GCC_WARN_64_TO_32_BIT_CONVERSION = YES;
				GCC_WARN_ABOUT_RETURN_TYPE = YES_ERROR;
				GCC_WARN_UNDECLARED_SELECTOR = YES;
				GCC_WARN_UNINITIALIZED_AUTOS = YES;
				GCC_WARN_UNUSED_FUNCTION = YES;
				GCC_WARN_UNUSED_VARIABLE = YES;
				IPHONEOS_DEPLOYMENT_TARGET = 7.0;
				ONLY_ACTIVE_ARCH = YES;
				SDKROOT = iphoneos;
			};
			name = Debug;
		};
		84325A5C18237BB0009BECA8 /* Release */ = {
			isa = XCBuildConfiguration;
			buildSettings = {
				ALWAYS_SEARCH_USER_PATHS = NO;
				ARCHS = "$(ARCHS_STANDARD_INCLUDING_64_BIT)";
				CLANG_CXX_LANGUAGE_STANDARD = "gnu++0x";
				CLANG_CXX_LIBRARY = "libc++";
				CLANG_ENABLE_MODULES = YES;
				CLANG_ENABLE_OBJC_ARC = YES;
				CLANG_WARN_BOOL_CONVERSION = YES;
				CLANG_WARN_CONSTANT_CONVERSION = YES;
				CLANG_WARN_DIRECT_OBJC_ISA_USAGE = YES_ERROR;
				CLANG_WARN_EMPTY_BODY = YES;
				CLANG_WARN_ENUM_CONVERSION = YES;
				CLANG_WARN_INT_CONVERSION = YES;
				CLANG_WARN_OBJC_ROOT_CLASS = YES_ERROR;
				CLANG_WARN__DUPLICATE_METHOD_MATCH = YES;
				"CODE_SIGN_IDENTITY[sdk=iphoneos*]" = "iPhone Developer";
				COPY_PHASE_STRIP = YES;
				ENABLE_NS_ASSERTIONS = NO;
				GCC_C_LANGUAGE_STANDARD = gnu99;
				GCC_WARN_64_TO_32_BIT_CONVERSION = YES;
				GCC_WARN_ABOUT_RETURN_TYPE = YES_ERROR;
				GCC_WARN_UNDECLARED_SELECTOR = YES;
				GCC_WARN_UNINITIALIZED_AUTOS = YES;
				GCC_WARN_UNUSED_FUNCTION = YES;
				GCC_WARN_UNUSED_VARIABLE = YES;
				IPHONEOS_DEPLOYMENT_TARGET = 7.0;
				SDKROOT = iphoneos;
				VALIDATE_PRODUCT = YES;
			};
			name = Release;
		};
		84325A5E18237BB0009BECA8 /* Debug */ = {
			isa = XCBuildConfiguration;
			buildSettings = {
				ASSETCATALOG_COMPILER_APPICON_NAME = AppIcon;
				ASSETCATALOG_COMPILER_LAUNCHIMAGE_NAME = LaunchImage;
				GCC_PRECOMPILE_PREFIX_HEADER = YES;
				GCC_PREFIX_HEADER = "MiniPool/MiniPool-Prefix.pch";
				INFOPLIST_FILE = "MiniPool/MiniPool-Info.plist";
				PRODUCT_NAME = "$(TARGET_NAME)";
				SPRITEKIT_TEXTURE_ATLAS_OUTPUT = YES;
				WRAPPER_EXTENSION = app;
			};
			name = Debug;
		};
		84325A5F18237BB0009BECA8 /* Release */ = {
			isa = XCBuildConfiguration;
			buildSettings = {
				ASSETCATALOG_COMPILER_APPICON_NAME = AppIcon;
				ASSETCATALOG_COMPILER_LAUNCHIMAGE_NAME = LaunchImage;
				GCC_PRECOMPILE_PREFIX_HEADER = YES;
				GCC_PREFIX_HEADER = "MiniPool/MiniPool-Prefix.pch";
				INFOPLIST_FILE = "MiniPool/MiniPool-Info.plist";
				PRODUCT_NAME = "$(TARGET_NAME)";
				SPRITEKIT_TEXTURE_ATLAS_OUTPUT = YES;
				WRAPPER_EXTENSION = app;
			};
			name = Release;
		};
		84325A6118237BB0009BECA8 /* Debug */ = {
			isa = XCBuildConfiguration;
			buildSettings = {
				ARCHS = "$(ARCHS_STANDARD_INCLUDING_64_BIT)";
				BUNDLE_LOADER = "$(BUILT_PRODUCTS_DIR)/MiniPool.app/MiniPool";
				FRAMEWORK_SEARCH_PATHS = (
					"$(SDKROOT)/Developer/Library/Frameworks",
					"$(inherited)",
					"$(DEVELOPER_FRAMEWORKS_DIR)",
				);
				GCC_PRECOMPILE_PREFIX_HEADER = YES;
				GCC_PREFIX_HEADER = "MiniPool/MiniPool-Prefix.pch";
				GCC_PREPROCESSOR_DEFINITIONS = (
					"DEBUG=1",
					"$(inherited)",
				);
				INFOPLIST_FILE = "MiniPoolTests/MiniPoolTests-Info.plist";
				PRODUCT_NAME = "$(TARGET_NAME)";
				TEST_HOST = "$(BUNDLE_LOADER)";
				WRAPPER_EXTENSION = xctest;
			};
			name = Debug;
		};
		84325A6218237BB0009BECA8 /* Release */ = {
			isa = XCBuildConfiguration;
			buildSettings = {
				ARCHS = "$(ARCHS_STANDARD_INCLUDING_64_BIT)";
				BUNDLE_LOADER = "$(BUILT_PRODUCTS_DIR)/MiniPool.app/MiniPool";
				FRAMEWORK_SEARCH_PATHS = (
					"$(SDKROOT)/Developer/Library/Frameworks",
					"$(inherited)",
					"$(DEVELOPER_FRAMEWORKS_DIR)",
				);
				GCC_PRECOMPILE_PREFIX_HEADER = YES;
				GCC_PREFIX_HEADER = "MiniPool/MiniPool-Prefix.pch";
				INFOPLIST_FILE = "MiniPoolTests/MiniPoolTests-Info.plist";
				PRODUCT_NAME = "$(TARGET_NAME)";
				TEST_HOST = "$(BUNDLE_LOADER)";
				WRAPPER_EXTENSION = xctest;
			};
			name = Release;
		};
/* End XCBuildConfiguration section */

/* Begin XCConfigurationList section */
		84325A1F18237BB0009BECA8 /* Build configuration list for PBXProject "MiniPool" */ = {
			isa = XCConfigurationList;
			buildConfigurations = (
				84325A5B18237BB0009BECA8 /* Debug */,
				84325A5C18237BB0009BECA8 /* Release */,
			);
			defaultConfigurationIsVisible = 0;
			defaultConfigurationName = Release;
		};
		84325A5D18237BB0009BECA8 /* Build configuration list for PBXNativeTarget "MiniPool" */ = {
			isa = XCConfigurationList;
			buildConfigurations = (
				84325A5E18237BB0009BECA8 /* Debug */,
				84325A5F18237BB0009BECA8 /* Release */,
			);
			defaultConfigurationIsVisible = 0;
		};
		84325A6018237BB0009BECA8 /* Build configuration list for PBXNativeTarget "MiniPoolTests" */ = {
			isa = XCConfigurationList;
			buildConfigurations = (
				84325A6118237BB0009BECA8 /* Debug */,
				84325A6218237BB0009BECA8 /* Release */,
			);
			defaultConfigurationIsVisible = 0;
		};
/* End XCConfigurationList section */
	};
	rootObject = 84325A1C18237BB0009BECA8 /* Project object */;
}
